// !$*UTF8*$!
{
	archiveVersion = 1;
	classes = {
	};
	objectVersion = 46;
	objects = {

/* Begin PBXBuildFile section */
		4860759322871C920025F4A8 /* AppDelegate.swift in Sources */ = {isa = PBXBuildFile; fileRef = 4860759222871C920025F4A8 /* AppDelegate.swift */; };
		4860759522871F600025F4A8 /* TableViewController.swift in Sources */ = {isa = PBXBuildFile; fileRef = 4860759422871F5F0025F4A8 /* TableViewController.swift */; };
		48607597228722A20025F4A8 /* Person.swift in Sources */ = {isa = PBXBuildFile; fileRef = 48607596228722A20025F4A8 /* Person.swift */; };
		92975F5E1BB3AAE10037CDAB /* Main.storyboard in Resources */ = {isa = PBXBuildFile; fileRef = 92975F5C1BB3AAE10037CDAB /* Main.storyboard */; };
		92975F611BB3AAE10037CDAB /* CoreDataUniqueConstraints.xcdatamodeld in Sources */ = {isa = PBXBuildFile; fileRef = 92975F5F1BB3AAE10037CDAB /* CoreDataUniqueConstraints.xcdatamodeld */; };
		92975F631BB3AAE10037CDAB /* Assets.xcassets in Resources */ = {isa = PBXBuildFile; fileRef = 92975F621BB3AAE10037CDAB /* Assets.xcassets */; };
		92975F661BB3AAE10037CDAB /* LaunchScreen.storyboard in Resources */ = {isa = PBXBuildFile; fileRef = 92975F641BB3AAE10037CDAB /* LaunchScreen.storyboard */; };
/* End PBXBuildFile section */

/* Begin PBXFileReference section */
		4860759222871C920025F4A8 /* AppDelegate.swift */ = {isa = PBXFileReference; lastKnownFileType = sourcecode.swift; path = AppDelegate.swift; sourceTree = "<group>"; };
		4860759422871F5F0025F4A8 /* TableViewController.swift */ = {isa = PBXFileReference; lastKnownFileType = sourcecode.swift; path = TableViewController.swift; sourceTree = "<group>"; };
		48607596228722A20025F4A8 /* Person.swift */ = {isa = PBXFileReference; lastKnownFileType = sourcecode.swift; path = Person.swift; sourceTree = "<group>"; };
		92975F501BB3AAE10037CDAB /* CoreDataUniqueConstraints.app */ = {isa = PBXFileReference; explicitFileType = wrapper.application; includeInIndex = 0; path = CoreDataUniqueConstraints.app; sourceTree = BUILT_PRODUCTS_DIR; };
		92975F5D1BB3AAE10037CDAB /* Base */ = {isa = PBXFileReference; lastKnownFileType = file.storyboard; name = Base; path = Base.lproj/Main.storyboard; sourceTree = "<group>"; };
		92975F601BB3AAE10037CDAB /* CoreDataUniqueConstraints.xcdatamodel */ = {isa = PBXFileReference; lastKnownFileType = wrapper.xcdatamodel; path = CoreDataUniqueConstraints.xcdatamodel; sourceTree = "<group>"; };
		92975F621BB3AAE10037CDAB /* Assets.xcassets */ = {isa = PBXFileReference; lastKnownFileType = folder.assetcatalog; path = Assets.xcassets; sourceTree = "<group>"; };
		92975F651BB3AAE10037CDAB /* Base */ = {isa = PBXFileReference; lastKnownFileType = file.storyboard; name = Base; path = Base.lproj/LaunchScreen.storyboard; sourceTree = "<group>"; };
		92975F671BB3AAE10037CDAB /* Info.plist */ = {isa = PBXFileReference; lastKnownFileType = text.plist.xml; path = Info.plist; sourceTree = "<group>"; };
/* End PBXFileReference section */

/* Begin PBXFrameworksBuildPhase section */
		92975F4D1BB3AAE10037CDAB /* Frameworks */ = {
			isa = PBXFrameworksBuildPhase;
			buildActionMask = 2147483647;
			files = (
			);
			runOnlyForDeploymentPostprocessing = 0;
		};
/* End PBXFrameworksBuildPhase section */

/* Begin PBXGroup section */
		92975F471BB3AAE10037CDAB = {
			isa = PBXGroup;
			children = (
				92975F521BB3AAE10037CDAB /* CoreDataUniqueConstraints */,
				92975F511BB3AAE10037CDAB /* Products */,
			);
			sourceTree = "<group>";
		};
		92975F511BB3AAE10037CDAB /* Products */ = {
			isa = PBXGroup;
			children = (
				92975F501BB3AAE10037CDAB /* CoreDataUniqueConstraints.app */,
			);
			name = Products;
			sourceTree = "<group>";
		};
		92975F521BB3AAE10037CDAB /* CoreDataUniqueConstraints */ = {
			isa = PBXGroup;
			children = (
				4860759222871C920025F4A8 /* AppDelegate.swift */,
				4860759422871F5F0025F4A8 /* TableViewController.swift */,
				92975F5C1BB3AAE10037CDAB /* Main.storyboard */,
				92975F621BB3AAE10037CDAB /* Assets.xcassets */,
				92975F641BB3AAE10037CDAB /* LaunchScreen.storyboard */,
				92975F7C1BB3AD530037CDAB /* Core Data */,
				92975F671BB3AAE10037CDAB /* Info.plist */,
				92975F531BB3AAE10037CDAB /* Supporting Files */,
			);
			path = CoreDataUniqueConstraints;
			sourceTree = "<group>";
		};
		92975F531BB3AAE10037CDAB /* Supporting Files */ = {
			isa = PBXGroup;
			children = (
			);
			name = "Supporting Files";
			sourceTree = "<group>";
		};
		92975F7C1BB3AD530037CDAB /* Core Data */ = {
			isa = PBXGroup;
			children = (
				48607596228722A20025F4A8 /* Person.swift */,
				92975F5F1BB3AAE10037CDAB /* CoreDataUniqueConstraints.xcdatamodeld */,
			);
			name = "Core Data";
			sourceTree = "<group>";
		};
/* End PBXGroup section */

/* Begin PBXNativeTarget section */
		92975F4F1BB3AAE10037CDAB /* CoreDataUniqueConstraints */ = {
			isa = PBXNativeTarget;
			buildConfigurationList = 92975F6A1BB3AAE10037CDAB /* Build configuration list for PBXNativeTarget "CoreDataUniqueConstraints" */;
			buildPhases = (
				92975F4C1BB3AAE10037CDAB /* Sources */,
				92975F4D1BB3AAE10037CDAB /* Frameworks */,
				92975F4E1BB3AAE10037CDAB /* Resources */,
			);
			buildRules = (
			);
			dependencies = (
			);
			name = CoreDataUniqueConstraints;
			productName = CoreDataUniqueConstraints;
			productReference = 92975F501BB3AAE10037CDAB /* CoreDataUniqueConstraints.app */;
			productType = "com.apple.product-type.application";
		};
/* End PBXNativeTarget section */

/* Begin PBXProject section */
		92975F481BB3AAE10037CDAB /* Project object */ = {
			isa = PBXProject;
			attributes = {
				LastUpgradeCheck = 1020;
				ORGANIZATIONNAME = zorr;
				TargetAttributes = {
					92975F4F1BB3AAE10037CDAB = {
						CreatedOnToolsVersion = 7.0;
						DevelopmentTeam = 4MAMECY9VS;
						LastSwiftMigration = 1020;
					};
				};
			};
			buildConfigurationList = 92975F4B1BB3AAE10037CDAB /* Build configuration list for PBXProject "CoreDataUniqueConstraints" */;
			compatibilityVersion = "Xcode 3.2";
			developmentRegion = en;
			hasScannedForEncodings = 0;
			knownRegions = (
				en,
				Base,
			);
			mainGroup = 92975F471BB3AAE10037CDAB;
			productRefGroup = 92975F511BB3AAE10037CDAB /* Products */;
			projectDirPath = "";
			projectRoot = "";
			targets = (
				92975F4F1BB3AAE10037CDAB /* CoreDataUniqueConstraints */,
			);
		};
/* End PBXProject section */

/* Begin PBXResourcesBuildPhase section */
		92975F4E1BB3AAE10037CDAB /* Resources */ = {
			isa = PBXResourcesBuildPhase;
			buildActionMask = 2147483647;
			files = (
				92975F661BB3AAE10037CDAB /* LaunchScreen.storyboard in Resources */,
				92975F631BB3AAE10037CDAB /* Assets.xcassets in Resources */,
				92975F5E1BB3AAE10037CDAB /* Main.storyboard in Resources */,
			);
			runOnlyForDeploymentPostprocessing = 0;
		};
/* End PBXResourcesBuildPhase section */

/* Begin PBXSourcesBuildPhase section */
		92975F4C1BB3AAE10037CDAB /* Sources */ = {
			isa = PBXSourcesBuildPhase;
			buildActionMask = 2147483647;
			files = (
				92975F611BB3AAE10037CDAB /* CoreDataUniqueConstraints.xcdatamodeld in Sources */,
				4860759522871F600025F4A8 /* TableViewController.swift in Sources */,
				4860759322871C920025F4A8 /* AppDelegate.swift in Sources */,
				48607597228722A20025F4A8 /* Person.swift in Sources */,
			);
			runOnlyForDeploymentPostprocessing = 0;
		};
/* End PBXSourcesBuildPhase section */

/* Begin PBXVariantGroup section */
		92975F5C1BB3AAE10037CDAB /* Main.storyboard */ = {
			isa = PBXVariantGroup;
			children = (
				92975F5D1BB3AAE10037CDAB /* Base */,
			);
			name = Main.storyboard;
			sourceTree = "<group>";
		};
		92975F641BB3AAE10037CDAB /* LaunchScreen.storyboard */ = {
			isa = PBXVariantGroup;
			children = (
				92975F651BB3AAE10037CDAB /* Base */,
			);
			name = LaunchScreen.storyboard;
			sourceTree = "<group>";
		};
/* End PBXVariantGroup section */

/* Begin XCBuildConfiguration section */
		92975F681BB3AAE10037CDAB /* Debug */ = {
			isa = XCBuildConfiguration;
			buildSettings = {
				ALWAYS_SEARCH_USER_PATHS = NO;
				CLANG_ANALYZER_LOCALIZABILITY_NONLOCALIZED = YES;
				CLANG_CXX_LANGUAGE_STANDARD = "gnu++0x";
				CLANG_CXX_LIBRARY = "libc++";
				CLANG_ENABLE_MODULES = YES;
				CLANG_ENABLE_OBJC_ARC = YES;
				CLANG_WARN_BLOCK_CAPTURE_AUTORELEASING = YES;
				CLANG_WARN_BOOL_CONVERSION = YES;
				CLANG_WARN_COMMA = YES;
				CLANG_WARN_CONSTANT_CONVERSION = YES;
				CLANG_WARN_DEPRECATED_OBJC_IMPLEMENTATIONS = YES;
				CLANG_WARN_DIRECT_OBJC_ISA_USAGE = YES_ERROR;
				CLANG_WARN_EMPTY_BODY = YES;
				CLANG_WARN_ENUM_CONVERSION = YES;
				CLANG_WARN_INFINITE_RECURSION = YES;
				CLANG_WARN_INT_CONVERSION = YES;
				CLANG_WARN_NON_LITERAL_NULL_CONVERSION = YES;
				CLANG_WARN_OBJC_IMPLICIT_RETAIN_SELF = YES;
				CLANG_WARN_OBJC_LITERAL_CONVERSION = YES;
				CLANG_WARN_OBJC_ROOT_CLASS = YES_ERROR;
				CLANG_WARN_RANGE_LOOP_ANALYSIS = YES;
				CLANG_WARN_STRICT_PROTOTYPES = YES;
				CLANG_WARN_SUSPICIOUS_MOVE = YES;
				CLANG_WARN_UNREACHABLE_CODE = YES;
				CLANG_WARN__DUPLICATE_METHOD_MATCH = YES;
				"CODE_SIGN_IDENTITY[sdk=iphoneos*]" = "iPhone Developer";
				COPY_PHASE_STRIP = NO;
				DEBUG_INFORMATION_FORMAT = dwarf;
				ENABLE_STRICT_OBJC_MSGSEND = YES;
				ENABLE_TESTABILITY = YES;
				GCC_C_LANGUAGE_STANDARD = gnu99;
				GCC_DYNAMIC_NO_PIC = NO;
				GCC_NO_COMMON_BLOCKS = YES;
				GCC_OPTIMIZATION_LEVEL = 0;
				GCC_PREPROCESSOR_DEFINITIONS = (
					"DEBUG=1",
					"$(inherited)",
				);
				GCC_WARN_64_TO_32_BIT_CONVERSION = YES;
				GCC_WARN_ABOUT_RETURN_TYPE = YES_ERROR;
				GCC_WARN_UNDECLARED_SELECTOR = YES;
				GCC_WARN_UNINITIALIZED_AUTOS = YES_AGGRESSIVE;
				GCC_WARN_UNUSED_FUNCTION = YES;
				GCC_WARN_UNUSED_VARIABLE = YES;
				IPHONEOS_DEPLOYMENT_TARGET = 10.0;
				MTL_ENABLE_DEBUG_INFO = YES;
				ONLY_ACTIVE_ARCH = YES;
				SDKROOT = iphoneos;
			};
			name = Debug;
		};
		92975F691BB3AAE10037CDAB /* Release */ = {
			isa = XCBuildConfiguration;
			buildSettings = {
				ALWAYS_SEARCH_USER_PATHS = NO;
				CLANG_ANALYZER_LOCALIZABILITY_NONLOCALIZED = YES;
				CLANG_CXX_LANGUAGE_STANDARD = "gnu++0x";
				CLANG_CXX_LIBRARY = "libc++";
				CLANG_ENABLE_MODULES = YES;
				CLANG_ENABLE_OBJC_ARC = YES;
				CLANG_WARN_BLOCK_CAPTURE_AUTORELEASING = YES;
				CLANG_WARN_BOOL_CONVERSION = YES;
				CLANG_WARN_COMMA = YES;
				CLANG_WARN_CONSTANT_CONVERSION = YES;
				CLANG_WARN_DEPRECATED_OBJC_IMPLEMENTATIONS = YES;
				CLANG_WARN_DIRECT_OBJC_ISA_USAGE = YES_ERROR;
				CLANG_WARN_EMPTY_BODY = YES;
				CLANG_WARN_ENUM_CONVERSION = YES;
				CLANG_WARN_INFINITE_RECURSION = YES;
				CLANG_WARN_INT_CONVERSION = YES;
				CLANG_WARN_NON_LITERAL_NULL_CONVERSION = YES;
				CLANG_WARN_OBJC_IMPLICIT_RETAIN_SELF = YES;
				CLANG_WARN_OBJC_LITERAL_CONVERSION = YES;
				CLANG_WARN_OBJC_ROOT_CLASS = YES_ERROR;
				CLANG_WARN_RANGE_LOOP_ANALYSIS = YES;
				CLANG_WARN_STRICT_PROTOTYPES = YES;
				CLANG_WARN_SUSPICIOUS_MOVE = YES;
				CLANG_WARN_UNREACHABLE_CODE = YES;
				CLANG_WARN__DUPLICATE_METHOD_MATCH = YES;
				"CODE_SIGN_IDENTITY[sdk=iphoneos*]" = "iPhone Developer";
				COPY_PHASE_STRIP = NO;
				DEBUG_INFORMATION_FORMAT = "dwarf-with-dsym";
				ENABLE_NS_ASSERTIONS = NO;
				ENABLE_STRICT_OBJC_MSGSEND = YES;
				GCC_C_LANGUAGE_STANDARD = gnu99;
				GCC_NO_COMMON_BLOCKS = YES;
				GCC_WARN_64_TO_32_BIT_CONVERSION = YES;
				GCC_WARN_ABOUT_RETURN_TYPE = YES_ERROR;
				GCC_WARN_UNDECLARED_SELECTOR = YES;
				GCC_WARN_UNINITIALIZED_AUTOS = YES_AGGRESSIVE;
				GCC_WARN_UNUSED_FUNCTION = YES;
				GCC_WARN_UNUSED_VARIABLE = YES;
				IPHONEOS_DEPLOYMENT_TARGET = 10.0;
				MTL_ENABLE_DEBUG_INFO = NO;
				SDKROOT = iphoneos;
				SWIFT_COMPILATION_MODE = wholemodule;
				VALIDATE_PRODUCT = YES;
			};
			name = Release;
		};
		92975F6B1BB3AAE10037CDAB /* Debug */ = {
			isa = XCBuildConfiguration;
			buildSettings = {
				ASSETCATALOG_COMPILER_APPICON_NAME = AppIcon;
				CLANG_ENABLE_MODULES = YES;
				DEVELOPMENT_TEAM = 4MAMECY9VS;
				INFOPLIST_FILE = CoreDataUniqueConstraints/Info.plist;
				LD_RUNPATH_SEARCH_PATHS = "$(inherited) @executable_path/Frameworks";
				PRODUCT_BUNDLE_IDENTIFIER = com.zor.CoreDataUniqueConstraints;
				PRODUCT_NAME = "$(TARGET_NAME)";
				SWIFT_OPTIMIZATION_LEVEL = "-Onone";
				SWIFT_VERSION = 5.0;
			};
			name = Debug;
		};
		92975F6C1BB3AAE10037CDAB /* Release */ = {
			isa = XCBuildConfiguration;
			buildSettings = {
				ASSETCATALOG_COMPILER_APPICON_NAME = AppIcon;
				CLANG_ENABLE_MODULES = YES;
				DEVELOPMENT_TEAM = 4MAMECY9VS;
				INFOPLIST_FILE = CoreDataUniqueConstraints/Info.plist;
				LD_RUNPATH_SEARCH_PATHS = "$(inherited) @executable_path/Frameworks";
				PRODUCT_BUNDLE_IDENTIFIER = com.zor.CoreDataUniqueConstraints;
				PRODUCT_NAME = "$(TARGET_NAME)";
				SWIFT_VERSION = 5.0;
			};
			name = Release;
		};
/* End XCBuildConfiguration section */

/* Begin XCConfigurationList section */
		92975F4B1BB3AAE10037CDAB /* Build configuration list for PBXProject "CoreDataUniqueConstraints" */ = {
			isa = XCConfigurationList;
			buildConfigurations = (
				92975F681BB3AAE10037CDAB /* Debug */,
				92975F691BB3AAE10037CDAB /* Release */,
			);
			defaultConfigurationIsVisible = 0;
			defaultConfigurationName = Release;
		};
		92975F6A1BB3AAE10037CDAB /* Build configuration list for PBXNativeTarget "CoreDataUniqueConstraints" */ = {
			isa = XCConfigurationList;
			buildConfigurations = (
				92975F6B1BB3AAE10037CDAB /* Debug */,
				92975F6C1BB3AAE10037CDAB /* Release */,
			);
			defaultConfigurationIsVisible = 0;
			defaultConfigurationName = Release;
		};
/* End XCConfigurationList section */

/* Begin XCVersionGroup section */
		92975F5F1BB3AAE10037CDAB /* CoreDataUniqueConstraints.xcdatamodeld */ = {
			isa = XCVersionGroup;
			children = (
				92975F601BB3AAE10037CDAB /* CoreDataUniqueConstraints.xcdatamodel */,
			);
			currentVersion = 92975F601BB3AAE10037CDAB /* CoreDataUniqueConstraints.xcdatamodel */;
			path = CoreDataUniqueConstraints.xcdatamodeld;
			sourceTree = "<group>";
			versionGroupType = wrapper.xcdatamodel;
		};
/* End XCVersionGroup section */
	};
	rootObject = 92975F481BB3AAE10037CDAB /* Project object */;
}
